// !$*UTF8*$!
{
	archiveVersion = 1;
	classes = {
	};
	objectVersion = 56;
	objects = {

/* Begin PBXBuildFile section */
		4131BACE2AE38B9A001951CC /* LandmarksApp.swift in Sources */ = {isa = PBXBuildFile; fileRef = 4131BACD2AE38B9A001951CC /* LandmarksApp.swift */; };
		4131BAD02AE38B9A001951CC /* ContentView.swift in Sources */ = {isa = PBXBuildFile; fileRef = 4131BACF2AE38B9A001951CC /* ContentView.swift */; };
		4131BAD22AE38B9B001951CC /* Assets.xcassets in Resources */ = {isa = PBXBuildFile; fileRef = 4131BAD12AE38B9B001951CC /* Assets.xcassets */; };
		4131BAD52AE38B9B001951CC /* Preview Assets.xcassets in Resources */ = {isa = PBXBuildFile; fileRef = 4131BAD42AE38B9B001951CC /* Preview Assets.xcassets */; };
		4131BADF2AE38B9B001951CC /* LandmarksTests.swift in Sources */ = {isa = PBXBuildFile; fileRef = 4131BADE2AE38B9B001951CC /* LandmarksTests.swift */; };
		4131BAE92AE38B9B001951CC /* LandmarksUITests.swift in Sources */ = {isa = PBXBuildFile; fileRef = 4131BAE82AE38B9B001951CC /* LandmarksUITests.swift */; };
		4131BAEB2AE38B9B001951CC /* LandmarksUITestsLaunchTests.swift in Sources */ = {isa = PBXBuildFile; fileRef = 4131BAEA2AE38B9B001951CC /* LandmarksUITestsLaunchTests.swift */; };
		4131BAFA2AE39E64001951CC /* CircleImage.swift in Sources */ = {isa = PBXBuildFile; fileRef = 4131BAF92AE39E64001951CC /* CircleImage.swift */; };
		4131BAFC2AE39F01001951CC /* MapView.swift in Sources */ = {isa = PBXBuildFile; fileRef = 4131BAFB2AE39F01001951CC /* MapView.swift */; };
		4131BB002AE4B14D001951CC /* landmarkData.json in Resources */ = {isa = PBXBuildFile; fileRef = 4131BAFF2AE4B14D001951CC /* landmarkData.json */; };
		4131BB022AE4B206001951CC /* Landmark.swift in Sources */ = {isa = PBXBuildFile; fileRef = 4131BB012AE4B206001951CC /* Landmark.swift */; };
		4131BB042AE4B783001951CC /* ModelData.swift in Sources */ = {isa = PBXBuildFile; fileRef = 4131BB032AE4B783001951CC /* ModelData.swift */; };
		4131BB092AE4D2B2001951CC /* LandmarkRow.swift in Sources */ = {isa = PBXBuildFile; fileRef = 4131BB082AE4D2B2001951CC /* LandmarkRow.swift */; };
		4131BB0B2AE775D3001951CC /* LandmarkList.swift in Sources */ = {isa = PBXBuildFile; fileRef = 4131BB0A2AE775D3001951CC /* LandmarkList.swift */; };
		4131BB0D2AE77A2B001951CC /* LandmarkDetail.swift in Sources */ = {isa = PBXBuildFile; fileRef = 4131BB0C2AE77A2B001951CC /* LandmarkDetail.swift */; };
/* End PBXBuildFile section */

/* Begin PBXContainerItemProxy section */
		4131BADB2AE38B9B001951CC /* PBXContainerItemProxy */ = {
			isa = PBXContainerItemProxy;
			containerPortal = 4131BAC22AE38B9A001951CC /* Project object */;
			proxyType = 1;
			remoteGlobalIDString = 4131BAC92AE38B9A001951CC;
			remoteInfo = Landmarks;
		};
		4131BAE52AE38B9B001951CC /* PBXContainerItemProxy */ = {
			isa = PBXContainerItemProxy;
			containerPortal = 4131BAC22AE38B9A001951CC /* Project object */;
			proxyType = 1;
			remoteGlobalIDString = 4131BAC92AE38B9A001951CC;
			remoteInfo = Landmarks;
		};
/* End PBXContainerItemProxy section */

/* Begin PBXFileReference section */
		4131BACA2AE38B9A001951CC /* Landmarks.app */ = {isa = PBXFileReference; explicitFileType = wrapper.application; includeInIndex = 0; path = Landmarks.app; sourceTree = BUILT_PRODUCTS_DIR; };
		4131BACD2AE38B9A001951CC /* LandmarksApp.swift */ = {isa = PBXFileReference; lastKnownFileType = sourcecode.swift; path = LandmarksApp.swift; sourceTree = "<group>"; };
		4131BACF2AE38B9A001951CC /* ContentView.swift */ = {isa = PBXFileReference; lastKnownFileType = sourcecode.swift; path = ContentView.swift; sourceTree = "<group>"; };
		4131BAD12AE38B9B001951CC /* Assets.xcassets */ = {isa = PBXFileReference; lastKnownFileType = folder.assetcatalog; path = Assets.xcassets; sourceTree = "<group>"; };
		4131BAD42AE38B9B001951CC /* Preview Assets.xcassets */ = {isa = PBXFileReference; lastKnownFileType = folder.assetcatalog; path = "Preview Assets.xcassets"; sourceTree = "<group>"; };
		4131BADA2AE38B9B001951CC /* LandmarksTests.xctest */ = {isa = PBXFileReference; explicitFileType = wrapper.cfbundle; includeInIndex = 0; path = LandmarksTests.xctest; sourceTree = BUILT_PRODUCTS_DIR; };
		4131BADE2AE38B9B001951CC /* LandmarksTests.swift */ = {isa = PBXFileReference; lastKnownFileType = sourcecode.swift; path = LandmarksTests.swift; sourceTree = "<group>"; };
		4131BAE42AE38B9B001951CC /* LandmarksUITests.xctest */ = {isa = PBXFileReference; explicitFileType = wrapper.cfbundle; includeInIndex = 0; path = LandmarksUITests.xctest; sourceTree = BUILT_PRODUCTS_DIR; };
		4131BAE82AE38B9B001951CC /* LandmarksUITests.swift */ = {isa = PBXFileReference; lastKnownFileType = sourcecode.swift; path = LandmarksUITests.swift; sourceTree = "<group>"; };
		4131BAEA2AE38B9B001951CC /* LandmarksUITestsLaunchTests.swift */ = {isa = PBXFileReference; lastKnownFileType = sourcecode.swift; path = LandmarksUITestsLaunchTests.swift; sourceTree = "<group>"; };
		4131BAF92AE39E64001951CC /* CircleImage.swift */ = {isa = PBXFileReference; lastKnownFileType = sourcecode.swift; path = CircleImage.swift; sourceTree = "<group>"; };
		4131BAFB2AE39F01001951CC /* MapView.swift */ = {isa = PBXFileReference; lastKnownFileType = sourcecode.swift; path = MapView.swift; sourceTree = "<group>"; };
		4131BAFF2AE4B14D001951CC /* landmarkData.json */ = {isa = PBXFileReference; fileEncoding = 4; lastKnownFileType = text.json; path = landmarkData.json; sourceTree = "<group>"; };
		4131BB012AE4B206001951CC /* Landmark.swift */ = {isa = PBXFileReference; lastKnownFileType = sourcecode.swift; path = Landmark.swift; sourceTree = "<group>"; };
		4131BB032AE4B783001951CC /* ModelData.swift */ = {isa = PBXFileReference; lastKnownFileType = sourcecode.swift; path = ModelData.swift; sourceTree = "<group>"; };
		4131BB082AE4D2B2001951CC /* LandmarkRow.swift */ = {isa = PBXFileReference; lastKnownFileType = sourcecode.swift; path = LandmarkRow.swift; sourceTree = "<group>"; };
		4131BB0A2AE775D3001951CC /* LandmarkList.swift */ = {isa = PBXFileReference; lastKnownFileType = sourcecode.swift; path = LandmarkList.swift; sourceTree = "<group>"; };
		4131BB0C2AE77A2B001951CC /* LandmarkDetail.swift */ = {isa = PBXFileReference; lastKnownFileType = sourcecode.swift; path = LandmarkDetail.swift; sourceTree = "<group>"; };
/* End PBXFileReference section */

/* Begin PBXFrameworksBuildPhase section */
		4131BAC72AE38B9A001951CC /* Frameworks */ = {
			isa = PBXFrameworksBuildPhase;
			buildActionMask = 2147483647;
			files = (
			);
			runOnlyForDeploymentPostprocessing = 0;
		};
		4131BAD72AE38B9B001951CC /* Frameworks */ = {
			isa = PBXFrameworksBuildPhase;
			buildActionMask = 2147483647;
			files = (
			);
			runOnlyForDeploymentPostprocessing = 0;
		};
		4131BAE12AE38B9B001951CC /* Frameworks */ = {
			isa = PBXFrameworksBuildPhase;
			buildActionMask = 2147483647;
			files = (
			);
			runOnlyForDeploymentPostprocessing = 0;
		};
/* End PBXFrameworksBuildPhase section */

/* Begin PBXGroup section */
		4131BAC12AE38B9A001951CC = {
			isa = PBXGroup;
			children = (
				4131BACC2AE38B9A001951CC /* Landmarks */,
				4131BADD2AE38B9B001951CC /* LandmarksTests */,
				4131BAE72AE38B9B001951CC /* LandmarksUITests */,
				4131BACB2AE38B9A001951CC /* Products */,
			);
			sourceTree = "<group>";
		};
		4131BACB2AE38B9A001951CC /* Products */ = {
			isa = PBXGroup;
			children = (
				4131BACA2AE38B9A001951CC /* Landmarks.app */,
				4131BADA2AE38B9B001951CC /* LandmarksTests.xctest */,
				4131BAE42AE38B9B001951CC /* LandmarksUITests.xctest */,
			);
			name = Products;
			sourceTree = "<group>";
		};
		4131BACC2AE38B9A001951CC /* Landmarks */ = {
			isa = PBXGroup;
			children = (
				4131BB072AE4CBAE001951CC /* Resources */,
				4131BB062AE4CB67001951CC /* Model */,
				4131BB052AE4CB30001951CC /* View */,
				4131BACD2AE38B9A001951CC /* LandmarksApp.swift */,
				4131BAD12AE38B9B001951CC /* Assets.xcassets */,
				4131BAD32AE38B9B001951CC /* Preview Content */,
			);
			path = Landmarks;
			sourceTree = "<group>";
		};
		4131BAD32AE38B9B001951CC /* Preview Content */ = {
			isa = PBXGroup;
			children = (
				4131BAD42AE38B9B001951CC /* Preview Assets.xcassets */,
			);
			path = "Preview Content";
			sourceTree = "<group>";
		};
		4131BADD2AE38B9B001951CC /* LandmarksTests */ = {
			isa = PBXGroup;
			children = (
				4131BADE2AE38B9B001951CC /* LandmarksTests.swift */,
			);
			path = LandmarksTests;
			sourceTree = "<group>";
		};
		4131BAE72AE38B9B001951CC /* LandmarksUITests */ = {
			isa = PBXGroup;
			children = (
				4131BAE82AE38B9B001951CC /* LandmarksUITests.swift */,
				4131BAEA2AE38B9B001951CC /* LandmarksUITestsLaunchTests.swift */,
			);
			path = LandmarksUITests;
			sourceTree = "<group>";
		};
		4131BB052AE4CB30001951CC /* View */ = {
			isa = PBXGroup;
			children = (
				4131BAFB2AE39F01001951CC /* MapView.swift */,
				4131BAF92AE39E64001951CC /* CircleImage.swift */,
				4131BACF2AE38B9A001951CC /* ContentView.swift */,
				4131BB082AE4D2B2001951CC /* LandmarkRow.swift */,
				4131BB0A2AE775D3001951CC /* LandmarkList.swift */,
				4131BB0C2AE77A2B001951CC /* LandmarkDetail.swift */,
			);
			path = View;
			sourceTree = "<group>";
		};
		4131BB062AE4CB67001951CC /* Model */ = {
			isa = PBXGroup;
			children = (
				4131BB032AE4B783001951CC /* ModelData.swift */,
				4131BB012AE4B206001951CC /* Landmark.swift */,
			);
			path = Model;
			sourceTree = "<group>";
		};
		4131BB072AE4CBAE001951CC /* Resources */ = {
			isa = PBXGroup;
			children = (
				4131BAFF2AE4B14D001951CC /* landmarkData.json */,
			);
			path = Resources;
			sourceTree = "<group>";
		};
/* End PBXGroup section */

/* Begin PBXNativeTarget section */
		4131BAC92AE38B9A001951CC /* Landmarks */ = {
			isa = PBXNativeTarget;
			buildConfigurationList = 4131BAEE2AE38B9B001951CC /* Build configuration list for PBXNativeTarget "Landmarks" */;
			buildPhases = (
				4131BAC62AE38B9A001951CC /* Sources */,
				4131BAC72AE38B9A001951CC /* Frameworks */,
				4131BAC82AE38B9A001951CC /* Resources */,
			);
			buildRules = (
			);
			dependencies = (
			);
			name = Landmarks;
			productName = Landmarks;
			productReference = 4131BACA2AE38B9A001951CC /* Landmarks.app */;
			productType = "com.apple.product-type.application";
		};
		4131BAD92AE38B9B001951CC /* LandmarksTests */ = {
			isa = PBXNativeTarget;
			buildConfigurationList = 4131BAF12AE38B9B001951CC /* Build configuration list for PBXNativeTarget "LandmarksTests" */;
			buildPhases = (
				4131BAD62AE38B9B001951CC /* Sources */,
				4131BAD72AE38B9B001951CC /* Frameworks */,
				4131BAD82AE38B9B001951CC /* Resources */,
			);
			buildRules = (
			);
			dependencies = (
				4131BADC2AE38B9B001951CC /* PBXTargetDependency */,
			);
			name = LandmarksTests;
			productName = LandmarksTests;
			productReference = 4131BADA2AE38B9B001951CC /* LandmarksTests.xctest */;
			productType = "com.apple.product-type.bundle.unit-test";
		};
		4131BAE32AE38B9B001951CC /* LandmarksUITests */ = {
			isa = PBXNativeTarget;
			buildConfigurationList = 4131BAF42AE38B9B001951CC /* Build configuration list for PBXNativeTarget "LandmarksUITests" */;
			buildPhases = (
				4131BAE02AE38B9B001951CC /* Sources */,
				4131BAE12AE38B9B001951CC /* Frameworks */,
				4131BAE22AE38B9B001951CC /* Resources */,
			);
			buildRules = (
			);
			dependencies = (
				4131BAE62AE38B9B001951CC /* PBXTargetDependency */,
			);
			name = LandmarksUITests;
			productName = LandmarksUITests;
			productReference = 4131BAE42AE38B9B001951CC /* LandmarksUITests.xctest */;
			productType = "com.apple.product-type.bundle.ui-testing";
		};
/* End PBXNativeTarget section */

/* Begin PBXProject section */
		4131BAC22AE38B9A001951CC /* Project object */ = {
			isa = PBXProject;
			attributes = {
				BuildIndependentTargetsInParallel = 1;
				LastSwiftUpdateCheck = 1500;
				LastUpgradeCheck = 1500;
				TargetAttributes = {
					4131BAC92AE38B9A001951CC = {
						CreatedOnToolsVersion = 15.0.1;
					};
					4131BAD92AE38B9B001951CC = {
						CreatedOnToolsVersion = 15.0.1;
						TestTargetID = 4131BAC92AE38B9A001951CC;
					};
					4131BAE32AE38B9B001951CC = {
						CreatedOnToolsVersion = 15.0.1;
						TestTargetID = 4131BAC92AE38B9A001951CC;
					};
				};
			};
			buildConfigurationList = 4131BAC52AE38B9A001951CC /* Build configuration list for PBXProject "Landmarks" */;
			compatibilityVersion = "Xcode 14.0";
			developmentRegion = en;
			hasScannedForEncodings = 0;
			knownRegions = (
				en,
				Base,
			);
			mainGroup = 4131BAC12AE38B9A001951CC;
			productRefGroup = 4131BACB2AE38B9A001951CC /* Products */;
			projectDirPath = "";
			projectRoot = "";
			targets = (
				4131BAC92AE38B9A001951CC /* Landmarks */,
				4131BAD92AE38B9B001951CC /* LandmarksTests */,
				4131BAE32AE38B9B001951CC /* LandmarksUITests */,
			);
		};
/* End PBXProject section */

/* Begin PBXResourcesBuildPhase section */
		4131BAC82AE38B9A001951CC /* Resources */ = {
			isa = PBXResourcesBuildPhase;
			buildActionMask = 2147483647;
			files = (
				4131BAD52AE38B9B001951CC /* Preview Assets.xcassets in Resources */,
				4131BAD22AE38B9B001951CC /* Assets.xcassets in Resources */,
				4131BB002AE4B14D001951CC /* landmarkData.json in Resources */,
			);
			runOnlyForDeploymentPostprocessing = 0;
		};
		4131BAD82AE38B9B001951CC /* Resources */ = {
			isa = PBXResourcesBuildPhase;
			buildActionMask = 2147483647;
			files = (
			);
			runOnlyForDeploymentPostprocessing = 0;
		};
		4131BAE22AE38B9B001951CC /* Resources */ = {
			isa = PBXResourcesBuildPhase;
			buildActionMask = 2147483647;
			files = (
			);
			runOnlyForDeploymentPostprocessing = 0;
		};
/* End PBXResourcesBuildPhase section */

/* Begin PBXSourcesBuildPhase section */
		4131BAC62AE38B9A001951CC /* Sources */ = {
			isa = PBXSourcesBuildPhase;
			buildActionMask = 2147483647;
			files = (
				4131BAD02AE38B9A001951CC /* ContentView.swift in Sources */,
				4131BAFC2AE39F01001951CC /* MapView.swift in Sources */,
				4131BACE2AE38B9A001951CC /* LandmarksApp.swift in Sources */,
				4131BB0B2AE775D3001951CC /* LandmarkList.swift in Sources */,
				4131BB0D2AE77A2B001951CC /* LandmarkDetail.swift in Sources */,
				4131BAFA2AE39E64001951CC /* CircleImage.swift in Sources */,
				4131BB022AE4B206001951CC /* Landmark.swift in Sources */,
				4131BB092AE4D2B2001951CC /* LandmarkRow.swift in Sources */,
				4131BB042AE4B783001951CC /* ModelData.swift in Sources */,
			);
			runOnlyForDeploymentPostprocessing = 0;
		};
		4131BAD62AE38B9B001951CC /* Sources */ = {
			isa = PBXSourcesBuildPhase;
			buildActionMask = 2147483647;
			files = (
				4131BADF2AE38B9B001951CC /* LandmarksTests.swift in Sources */,
			);
			runOnlyForDeploymentPostprocessing = 0;
		};
		4131BAE02AE38B9B001951CC /* Sources */ = {
			isa = PBXSourcesBuildPhase;
			buildActionMask = 2147483647;
			files = (
				4131BAEB2AE38B9B001951CC /* LandmarksUITestsLaunchTests.swift in Sources */,
				4131BAE92AE38B9B001951CC /* LandmarksUITests.swift in Sources */,
			);
			runOnlyForDeploymentPostprocessing = 0;
		};
/* End PBXSourcesBuildPhase section */

/* Begin PBXTargetDependency section */
		4131BADC2AE38B9B001951CC /* PBXTargetDependency */ = {
			isa = PBXTargetDependency;
			target = 4131BAC92AE38B9A001951CC /* Landmarks */;
			targetProxy = 4131BADB2AE38B9B001951CC /* PBXContainerItemProxy */;
		};
		4131BAE62AE38B9B001951CC /* PBXTargetDependency */ = {
			isa = PBXTargetDependency;
			target = 4131BAC92AE38B9A001951CC /* Landmarks */;
			targetProxy = 4131BAE52AE38B9B001951CC /* PBXContainerItemProxy */;
		};
/* End PBXTargetDependency section */

/* Begin XCBuildConfiguration section */
		4131BAEC2AE38B9B001951CC /* Debug */ = {
			isa = XCBuildConfiguration;
			buildSettings = {
				ALWAYS_SEARCH_USER_PATHS = NO;
				ASSETCATALOG_COMPILER_GENERATE_SWIFT_ASSET_SYMBOL_EXTENSIONS = YES;
				CLANG_ANALYZER_NONNULL = YES;
				CLANG_ANALYZER_NUMBER_OBJECT_CONVERSION = YES_AGGRESSIVE;
				CLANG_CXX_LANGUAGE_STANDARD = "gnu++20";
				CLANG_ENABLE_MODULES = YES;
				CLANG_ENABLE_OBJC_ARC = YES;
				CLANG_ENABLE_OBJC_WEAK = YES;
				CLANG_WARN_BLOCK_CAPTURE_AUTORELEASING = YES;
				CLANG_WARN_BOOL_CONVERSION = YES;
				CLANG_WARN_COMMA = YES;
				CLANG_WARN_CONSTANT_CONVERSION = YES;
				CLANG_WARN_DEPRECATED_OBJC_IMPLEMENTATIONS = YES;
				CLANG_WARN_DIRECT_OBJC_ISA_USAGE = YES_ERROR;
				CLANG_WARN_DOCUMENTATION_COMMENTS = YES;
				CLANG_WARN_EMPTY_BODY = YES;
				CLANG_WARN_ENUM_CONVERSION = YES;
				CLANG_WARN_INFINITE_RECURSION = YES;
				CLANG_WARN_INT_CONVERSION = YES;
				CLANG_WARN_NON_LITERAL_NULL_CONVERSION = YES;
				CLANG_WARN_OBJC_IMPLICIT_RETAIN_SELF = YES;
				CLANG_WARN_OBJC_LITERAL_CONVERSION = YES;
				CLANG_WARN_OBJC_ROOT_CLASS = YES_ERROR;
				CLANG_WARN_QUOTED_INCLUDE_IN_FRAMEWORK_HEADER = YES;
				CLANG_WARN_RANGE_LOOP_ANALYSIS = YES;
				CLANG_WARN_STRICT_PROTOTYPES = YES;
				CLANG_WARN_SUSPICIOUS_MOVE = YES;
				CLANG_WARN_UNGUARDED_AVAILABILITY = YES_AGGRESSIVE;
				CLANG_WARN_UNREACHABLE_CODE = YES;
				CLANG_WARN__DUPLICATE_METHOD_MATCH = YES;
				COPY_PHASE_STRIP = NO;
				DEBUG_INFORMATION_FORMAT = dwarf;
				ENABLE_STRICT_OBJC_MSGSEND = YES;
				ENABLE_TESTABILITY = YES;
				ENABLE_USER_SCRIPT_SANDBOXING = YES;
				GCC_C_LANGUAGE_STANDARD = gnu17;
				GCC_DYNAMIC_NO_PIC = NO;
				GCC_NO_COMMON_BLOCKS = YES;
				GCC_OPTIMIZATION_LEVEL = 0;
				GCC_PREPROCESSOR_DEFINITIONS = (
					"DEBUG=1",
					"$(inherited)",
				);
				GCC_WARN_64_TO_32_BIT_CONVERSION = YES;
				GCC_WARN_ABOUT_RETURN_TYPE = YES_ERROR;
				GCC_WARN_UNDECLARED_SELECTOR = YES;
				GCC_WARN_UNINITIALIZED_AUTOS = YES_AGGRESSIVE;
				GCC_WARN_UNUSED_FUNCTION = YES;
				GCC_WARN_UNUSED_VARIABLE = YES;
				IPHONEOS_DEPLOYMENT_TARGET = 17.0;
				LOCALIZATION_PREFERS_STRING_CATALOGS = YES;
				MTL_ENABLE_DEBUG_INFO = INCLUDE_SOURCE;
				MTL_FAST_MATH = YES;
				ONLY_ACTIVE_ARCH = YES;
				SDKROOT = iphoneos;
				SWIFT_ACTIVE_COMPILATION_CONDITIONS = "DEBUG $(inherited)";
				SWIFT_OPTIMIZATION_LEVEL = "-Onone";
			};
			name = Debug;
		};
		4131BAED2AE38B9B001951CC /* Release */ = {
			isa = XCBuildConfiguration;
			buildSettings = {
				ALWAYS_SEARCH_USER_PATHS = NO;
				ASSETCATALOG_COMPILER_GENERATE_SWIFT_ASSET_SYMBOL_EXTENSIONS = YES;
				CLANG_ANALYZER_NONNULL = YES;
				CLANG_ANALYZER_NUMBER_OBJECT_CONVERSION = YES_AGGRESSIVE;
				CLANG_CXX_LANGUAGE_STANDARD = "gnu++20";
				CLANG_ENABLE_MODULES = YES;
				CLANG_ENABLE_OBJC_ARC = YES;
				CLANG_ENABLE_OBJC_WEAK = YES;
				CLANG_WARN_BLOCK_CAPTURE_AUTORELEASING = YES;
				CLANG_WARN_BOOL_CONVERSION = YES;
				CLANG_WARN_COMMA = YES;
				CLANG_WARN_CONSTANT_CONVERSION = YES;
				CLANG_WARN_DEPRECATED_OBJC_IMPLEMENTATIONS = YES;
				CLANG_WARN_DIRECT_OBJC_ISA_USAGE = YES_ERROR;
				CLANG_WARN_DOCUMENTATION_COMMENTS = YES;
				CLANG_WARN_EMPTY_BODY = YES;
				CLANG_WARN_ENUM_CONVERSION = YES;
				CLANG_WARN_INFINITE_RECURSION = YES;
				CLANG_WARN_INT_CONVERSION = YES;
				CLANG_WARN_NON_LITERAL_NULL_CONVERSION = YES;
				CLANG_WARN_OBJC_IMPLICIT_RETAIN_SELF = YES;
				CLANG_WARN_OBJC_LITERAL_CONVERSION = YES;
				CLANG_WARN_OBJC_ROOT_CLASS = YES_ERROR;
				CLANG_WARN_QUOTED_INCLUDE_IN_FRAMEWORK_HEADER = YES;
				CLANG_WARN_RANGE_LOOP_ANALYSIS = YES;
				CLANG_WARN_STRICT_PROTOTYPES = YES;
				CLANG_WARN_SUSPICIOUS_MOVE = YES;
				CLANG_WARN_UNGUARDED_AVAILABILITY = YES_AGGRESSIVE;
				CLANG_WARN_UNREACHABLE_CODE = YES;
				CLANG_WARN__DUPLICATE_METHOD_MATCH = YES;
				COPY_PHASE_STRIP = NO;
				DEBUG_INFORMATION_FORMAT = "dwarf-with-dsym";
				ENABLE_NS_ASSERTIONS = NO;
				ENABLE_STRICT_OBJC_MSGSEND = YES;
				ENABLE_USER_SCRIPT_SANDBOXING = YES;
				GCC_C_LANGUAGE_STANDARD = gnu17;
				GCC_NO_COMMON_BLOCKS = YES;
				GCC_WARN_64_TO_32_BIT_CONVERSION = YES;
				GCC_WARN_ABOUT_RETURN_TYPE = YES_ERROR;
				GCC_WARN_UNDECLARED_SELECTOR = YES;
				GCC_WARN_UNINITIALIZED_AUTOS = YES_AGGRESSIVE;
				GCC_WARN_UNUSED_FUNCTION = YES;
				GCC_WARN_UNUSED_VARIABLE = YES;
				IPHONEOS_DEPLOYMENT_TARGET = 17.0;
				LOCALIZATION_PREFERS_STRING_CATALOGS = YES;
				MTL_ENABLE_DEBUG_INFO = NO;
				MTL_FAST_MATH = YES;
				SDKROOT = iphoneos;
				SWIFT_COMPILATION_MODE = wholemodule;
				VALIDATE_PRODUCT = YES;
			};
			name = Release;
		};
		4131BAEF2AE38B9B001951CC /* Debug */ = {
			isa = XCBuildConfiguration;
			buildSettings = {
				ASSETCATALOG_COMPILER_APPICON_NAME = AppIcon;
				ASSETCATALOG_COMPILER_GLOBAL_ACCENT_COLOR_NAME = AccentColor;
				CODE_SIGN_STYLE = Automatic;
				CURRENT_PROJECT_VERSION = 1;
				DEVELOPMENT_ASSET_PATHS = "\"Landmarks/Preview Content\"";
				ENABLE_PREVIEWS = YES;
				GENERATE_INFOPLIST_FILE = YES;
				INFOPLIST_KEY_UIApplicationSceneManifest_Generation = YES;
				INFOPLIST_KEY_UIApplicationSupportsIndirectInputEvents = YES;
				INFOPLIST_KEY_UILaunchScreen_Generation = YES;
				INFOPLIST_KEY_UISupportedInterfaceOrientations_iPad = "UIInterfaceOrientationPortrait UIInterfaceOrientationPortraitUpsideDown UIInterfaceOrientationLandscapeLeft UIInterfaceOrientationLandscapeRight";
				INFOPLIST_KEY_UISupportedInterfaceOrientations_iPhone = "UIInterfaceOrientationPortrait UIInterfaceOrientationLandscapeLeft UIInterfaceOrientationLandscapeRight";
				LD_RUNPATH_SEARCH_PATHS = (
					"$(inherited)",
					"@executable_path/Frameworks",
				);
				MARKETING_VERSION = 1.0;
				PRODUCT_BUNDLE_IDENTIFIER = com.example.czy.Landmarks;
				PRODUCT_NAME = "$(TARGET_NAME)";
				SWIFT_EMIT_LOC_STRINGS = YES;
				SWIFT_VERSION = 5.0;
				TARGETED_DEVICE_FAMILY = "1,2";
			};
			name = Debug;
		};
		4131BAF02AE38B9B001951CC /* Release */ = {
			isa = XCBuildConfiguration;
			buildSettings = {
				ASSETCATALOG_COMPILER_APPICON_NAME = AppIcon;
				ASSETCATALOG_COMPILER_GLOBAL_ACCENT_COLOR_NAME = AccentColor;
				CODE_SIGN_STYLE = Automatic;
				CURRENT_PROJECT_VERSION = 1;
				DEVELOPMENT_ASSET_PATHS = "\"Landmarks/Preview Content\"";
				ENABLE_PREVIEWS = YES;
				GENERATE_INFOPLIST_FILE = YES;
				INFOPLIST_KEY_UIApplicationSceneManifest_Generation = YES;
				INFOPLIST_KEY_UIApplicationSupportsIndirectInputEvents = YES;
				INFOPLIST_KEY_UILaunchScreen_Generation = YES;
				INFOPLIST_KEY_UISupportedInterfaceOrientations_iPad = "UIInterfaceOrientationPortrait UIInterfaceOrientationPortraitUpsideDown UIInterfaceOrientationLandscapeLeft UIInterfaceOrientationLandscapeRight";
				INFOPLIST_KEY_UISupportedInterfaceOrientations_iPhone = "UIInterfaceOrientationPortrait UIInterfaceOrientationLandscapeLeft UIInterfaceOrientationLandscapeRight";
				LD_RUNPATH_SEARCH_PATHS = (
					"$(inherited)",
					"@executable_path/Frameworks",
				);
				MARKETING_VERSION = 1.0;
				PRODUCT_BUNDLE_IDENTIFIER = com.example.czy.Landmarks;
				PRODUCT_NAME = "$(TARGET_NAME)";
				SWIFT_EMIT_LOC_STRINGS = YES;
				SWIFT_VERSION = 5.0;
				TARGETED_DEVICE_FAMILY = "1,2";
			};
			name = Release;
		};
		4131BAF22AE38B9B001951CC /* Debug */ = {
			isa = XCBuildConfiguration;
			buildSettings = {
				ALWAYS_EMBED_SWIFT_STANDARD_LIBRARIES = YES;
				BUNDLE_LOADER = "$(TEST_HOST)";
				CODE_SIGN_STYLE = Automatic;
				CURRENT_PROJECT_VERSION = 1;
				GENERATE_INFOPLIST_FILE = YES;
				IPHONEOS_DEPLOYMENT_TARGET = 17.0;
				MARKETING_VERSION = 1.0;
				PRODUCT_BUNDLE_IDENTIFIER = com.example.czy.LandmarksTests;
				PRODUCT_NAME = "$(TARGET_NAME)";
				SWIFT_EMIT_LOC_STRINGS = NO;
				SWIFT_VERSION = 5.0;
				TARGETED_DEVICE_FAMILY = "1,2";
				TEST_HOST = "$(BUILT_PRODUCTS_DIR)/Landmarks.app/$(BUNDLE_EXECUTABLE_FOLDER_PATH)/Landmarks";
			};
			name = Debug;
		};
		4131BAF32AE38B9B001951CC /* Release */ = {
			isa = XCBuildConfiguration;
			buildSettings = {
				ALWAYS_EMBED_SWIFT_STANDARD_LIBRARIES = YES;
				BUNDLE_LOADER = "$(TEST_HOST)";
				CODE_SIGN_STYLE = Automatic;
				CURRENT_PROJECT_VERSION = 1;
				GENERATE_INFOPLIST_FILE = YES;
				IPHONEOS_DEPLOYMENT_TARGET = 17.0;
				MARKETING_VERSION = 1.0;
				PRODUCT_BUNDLE_IDENTIFIER = com.example.czy.LandmarksTests;
				PRODUCT_NAME = "$(TARGET_NAME)";
				SWIFT_EMIT_LOC_STRINGS = NO;
				SWIFT_VERSION = 5.0;
				TARGETED_DEVICE_FAMILY = "1,2";
				TEST_HOST = "$(BUILT_PRODUCTS_DIR)/Landmarks.app/$(BUNDLE_EXECUTABLE_FOLDER_PATH)/Landmarks";
			};
			name = Release;
		};
		4131BAF52AE38B9B001951CC /* Debug */ = {
			isa = XCBuildConfiguration;
			buildSettings = {
				ALWAYS_EMBED_SWIFT_STANDARD_LIBRARIES = YES;
				CODE_SIGN_STYLE = Automatic;
				CURRENT_PROJECT_VERSION = 1;
				GENERATE_INFOPLIST_FILE = YES;
				MARKETING_VERSION = 1.0;
				PRODUCT_BUNDLE_IDENTIFIER = com.example.czy.LandmarksUITests;
				PRODUCT_NAME = "$(TARGET_NAME)";
				SWIFT_EMIT_LOC_STRINGS = NO;
				SWIFT_VERSION = 5.0;
				TARGETED_DEVICE_FAMILY = "1,2";
				TEST_TARGET_NAME = Landmarks;
			};
			name = Debug;
		};
		4131BAF62AE38B9B001951CC /* Release */ = {
			isa = XCBuildConfiguration;
			buildSettings = {
				ALWAYS_EMBED_SWIFT_STANDARD_LIBRARIES = YES;
				CODE_SIGN_STYLE = Automatic;
				CURRENT_PROJECT_VERSION = 1;
				GENERATE_INFOPLIST_FILE = YES;
				MARKETING_VERSION = 1.0;
				PRODUCT_BUNDLE_IDENTIFIER = com.example.czy.LandmarksUITests;
				PRODUCT_NAME = "$(TARGET_NAME)";
				SWIFT_EMIT_LOC_STRINGS = NO;
				SWIFT_VERSION = 5.0;
				TARGETED_DEVICE_FAMILY = "1,2";
				TEST_TARGET_NAME = Landmarks;
			};
			name = Release;
		};
/* End XCBuildConfiguration section */

/* Begin XCConfigurationList section */
		4131BAC52AE38B9A001951CC /* Build configuration list for PBXProject "Landmarks" */ = {
			isa = XCConfigurationList;
			buildConfigurations = (
				4131BAEC2AE38B9B001951CC /* Debug */,
				4131BAED2AE38B9B001951CC /* Release */,
			);
			defaultConfigurationIsVisible = 0;
			defaultConfigurationName = Release;
		};
		4131BAEE2AE38B9B001951CC /* Build configuration list for PBXNativeTarget "Landmarks" */ = {
			isa = XCConfigurationList;
			buildConfigurations = (
				4131BAEF2AE38B9B001951CC /* Debug */,
				4131BAF02AE38B9B001951CC /* Release */,
			);
			defaultConfigurationIsVisible = 0;
			defaultConfigurationName = Release;
		};
		4131BAF12AE38B9B001951CC /* Build configuration list for PBXNativeTarget "LandmarksTests" */ = {
			isa = XCConfigurationList;
			buildConfigurations = (
				4131BAF22AE38B9B001951CC /* Debug */,
				4131BAF32AE38B9B001951CC /* Release */,
			);
			defaultConfigurationIsVisible = 0;
			defaultConfigurationName = Release;
		};
		4131BAF42AE38B9B001951CC /* Build configuration list for PBXNativeTarget "LandmarksUITests" */ = {
			isa = XCConfigurationList;
			buildConfigurations = (
				4131BAF52AE38B9B001951CC /* Debug */,
				4131BAF62AE38B9B001951CC /* Release */,
			);
			defaultConfigurationIsVisible = 0;
			defaultConfigurationName = Release;
		};
/* End XCConfigurationList section */
	};
	rootObject = 4131BAC22AE38B9A001951CC /* Project object */;
}
